// !$*UTF8*$!
{
	archiveVersion = 1;
	classes = {
	};
	objectVersion = 46;
	objects = {

/* Begin PBXBuildFile section */
		0A2AA6D816BDD1F700AE95EA /* Cocoa.framework in Frameworks */ = {isa = PBXBuildFile; fileRef = 0A2AA6D716BDD1F700AE95EA /* Cocoa.framework */; };
		0A2AA6E216BDD1F700AE95EA /* InfoPlist.strings in Resources */ = {isa = PBXBuildFile; fileRef = 0A2AA6E016BDD1F700AE95EA /* InfoPlist.strings */; };
		0A2AA6E416BDD1F700AE95EA /* main.m in Sources */ = {isa = PBXBuildFile; fileRef = 0A2AA6E316BDD1F700AE95EA /* main.m */; };
		0A2AA6E816BDD1F700AE95EA /* Credits.rtf in Resources */ = {isa = PBXBuildFile; fileRef = 0A2AA6E616BDD1F700AE95EA /* Credits.rtf */; };
		0A2AA6EB16BDD1F700AE95EA /* TCAppDelegate.m in Sources */ = {isa = PBXBuildFile; fileRef = 0A2AA6EA16BDD1F700AE95EA /* TCAppDelegate.m */; };
		0A2AA6EE16BDD1F800AE95EA /* MainMenu.xib in Resources */ = {isa = PBXBuildFile; fileRef = 0A2AA6EC16BDD1F800AE95EA /* MainMenu.xib */; };
		0A2AA6F516BDD3DD00AE95EA /* TxtConversions.plist in Resources */ = {isa = PBXBuildFile; fileRef = 0A2AA6F416BDD3DD00AE95EA /* TxtConversions.plist */; };
/* End PBXBuildFile section */

/* Begin PBXFileReference section */
		0A2AA6D416BDD1F700AE95EA /* TextCleaner.app */ = {isa = PBXFileReference; explicitFileType = wrapper.application; includeInIndex = 0; path = TextCleaner.app; sourceTree = BUILT_PRODUCTS_DIR; };
		0A2AA6D716BDD1F700AE95EA /* Cocoa.framework */ = {isa = PBXFileReference; lastKnownFileType = wrapper.framework; name = Cocoa.framework; path = System/Library/Frameworks/Cocoa.framework; sourceTree = SDKROOT; };
		0A2AA6DA16BDD1F700AE95EA /* AppKit.framework */ = {isa = PBXFileReference; lastKnownFileType = wrapper.framework; name = AppKit.framework; path = System/Library/Frameworks/AppKit.framework; sourceTree = SDKROOT; };
		0A2AA6DB16BDD1F700AE95EA /* CoreData.framework */ = {isa = PBXFileReference; lastKnownFileType = wrapper.framework; name = CoreData.framework; path = System/Library/Frameworks/CoreData.framework; sourceTree = SDKROOT; };
		0A2AA6DC16BDD1F700AE95EA /* Foundation.framework */ = {isa = PBXFileReference; lastKnownFileType = wrapper.framework; name = Foundation.framework; path = System/Library/Frameworks/Foundation.framework; sourceTree = SDKROOT; };
		0A2AA6DF16BDD1F700AE95EA /* TextCleaner-Info.plist */ = {isa = PBXFileReference; lastKnownFileType = text.plist.xml; path = "TextCleaner-Info.plist"; sourceTree = "<group>"; };
		0A2AA6E116BDD1F700AE95EA /* en */ = {isa = PBXFileReference; lastKnownFileType = text.plist.strings; name = en; path = en.lproj/InfoPlist.strings; sourceTree = "<group>"; };
		0A2AA6E316BDD1F700AE95EA /* main.m */ = {isa = PBXFileReference; lastKnownFileType = sourcecode.c.objc; path = main.m; sourceTree = "<group>"; };
		0A2AA6E516BDD1F700AE95EA /* TextCleaner-Prefix.pch */ = {isa = PBXFileReference; lastKnownFileType = sourcecode.c.h; path = "TextCleaner-Prefix.pch"; sourceTree = "<group>"; };
		0A2AA6E716BDD1F700AE95EA /* en */ = {isa = PBXFileReference; lastKnownFileType = text.rtf; name = en; path = en.lproj/Credits.rtf; sourceTree = "<group>"; };
		0A2AA6E916BDD1F700AE95EA /* TCAppDelegate.h */ = {isa = PBXFileReference; lastKnownFileType = sourcecode.c.h; path = TCAppDelegate.h; sourceTree = "<group>"; };
		0A2AA6EA16BDD1F700AE95EA /* TCAppDelegate.m */ = {isa = PBXFileReference; lastKnownFileType = sourcecode.c.objc; path = TCAppDelegate.m; sourceTree = "<group>"; };
		0A2AA6ED16BDD1F800AE95EA /* en */ = {isa = PBXFileReference; lastKnownFileType = file.xib; name = en; path = en.lproj/MainMenu.xib; sourceTree = "<group>"; };
		0A2AA6F416BDD3DD00AE95EA /* TxtConversions.plist */ = {isa = PBXFileReference; fileEncoding = 4; lastKnownFileType = text.plist.xml; path = TxtConversions.plist; sourceTree = "<group>"; };
/* End PBXFileReference section */

/* Begin PBXFrameworksBuildPhase section */
		0A2AA6D116BDD1F700AE95EA /* Frameworks */ = {
			isa = PBXFrameworksBuildPhase;
			buildActionMask = 2147483647;
			files = (
				0A2AA6D816BDD1F700AE95EA /* Cocoa.framework in Frameworks */,
			);
			runOnlyForDeploymentPostprocessing = 0;
		};
/* End PBXFrameworksBuildPhase section */

/* Begin PBXGroup section */
		0A2AA6CB16BDD1F700AE95EA = {
			isa = PBXGroup;
			children = (
				0A2AA6DD16BDD1F700AE95EA /* TextCleaner */,
				0A2AA6D616BDD1F700AE95EA /* Frameworks */,
				0A2AA6D516BDD1F700AE95EA /* Products */,
			);
			sourceTree = "<group>";
		};
		0A2AA6D516BDD1F700AE95EA /* Products */ = {
			isa = PBXGroup;
			children = (
				0A2AA6D416BDD1F700AE95EA /* TextCleaner.app */,
			);
			name = Products;
			sourceTree = "<group>";
		};
		0A2AA6D616BDD1F700AE95EA /* Frameworks */ = {
			isa = PBXGroup;
			children = (
				0A2AA6D716BDD1F700AE95EA /* Cocoa.framework */,
				0A2AA6D916BDD1F700AE95EA /* Other Frameworks */,
			);
			name = Frameworks;
			sourceTree = "<group>";
		};
		0A2AA6D916BDD1F700AE95EA /* Other Frameworks */ = {
			isa = PBXGroup;
			children = (
				0A2AA6DA16BDD1F700AE95EA /* AppKit.framework */,
				0A2AA6DB16BDD1F700AE95EA /* CoreData.framework */,
				0A2AA6DC16BDD1F700AE95EA /* Foundation.framework */,
			);
			name = "Other Frameworks";
			sourceTree = "<group>";
		};
		0A2AA6DD16BDD1F700AE95EA /* TextCleaner */ = {
			isa = PBXGroup;
			children = (
				0A2AA6E916BDD1F700AE95EA /* TCAppDelegate.h */,
				0A2AA6EA16BDD1F700AE95EA /* TCAppDelegate.m */,
				0A2AA6EC16BDD1F800AE95EA /* MainMenu.xib */,
				0A2AA6DE16BDD1F700AE95EA /* Supporting Files */,
			);
			path = TextCleaner;
			sourceTree = "<group>";
		};
		0A2AA6DE16BDD1F700AE95EA /* Supporting Files */ = {
			isa = PBXGroup;
			children = (
				0A2AA6DF16BDD1F700AE95EA /* TextCleaner-Info.plist */,
				0A2AA6E016BDD1F700AE95EA /* InfoPlist.strings */,
				0A2AA6E316BDD1F700AE95EA /* main.m */,
				0A2AA6E516BDD1F700AE95EA /* TextCleaner-Prefix.pch */,
				0A2AA6E616BDD1F700AE95EA /* Credits.rtf */,
				0A2AA6F416BDD3DD00AE95EA /* TxtConversions.plist */,
			);
			name = "Supporting Files";
			sourceTree = "<group>";
		};
/* End PBXGroup section */

/* Begin PBXNativeTarget section */
		0A2AA6D316BDD1F700AE95EA /* TextCleaner */ = {
			isa = PBXNativeTarget;
			buildConfigurationList = 0A2AA6F116BDD1F800AE95EA /* Build configuration list for PBXNativeTarget "TextCleaner" */;
			buildPhases = (
				0A2AA6D016BDD1F700AE95EA /* Sources */,
				0A2AA6D116BDD1F700AE95EA /* Frameworks */,
				0A2AA6D216BDD1F700AE95EA /* Resources */,
			);
			buildRules = (
			);
			dependencies = (
			);
			name = TextCleaner;
			productName = TextCleaner;
			productReference = 0A2AA6D416BDD1F700AE95EA /* TextCleaner.app */;
			productType = "com.apple.product-type.application";
		};
/* End PBXNativeTarget section */

/* Begin PBXProject section */
		0A2AA6CC16BDD1F700AE95EA /* Project object */ = {
			isa = PBXProject;
			attributes = {
				CLASSPREFIX = TC;
				LastUpgradeCheck = 0460;
				ORGANIZATIONNAME = "Kevin Ross";
			};
			buildConfigurationList = 0A2AA6CF16BDD1F700AE95EA /* Build configuration list for PBXProject "TextCleaner" */;
			compatibilityVersion = "Xcode 3.2";
			developmentRegion = English;
			hasScannedForEncodings = 0;
			knownRegions = (
				en,
			);
			mainGroup = 0A2AA6CB16BDD1F700AE95EA;
			productRefGroup = 0A2AA6D516BDD1F700AE95EA /* Products */;
			projectDirPath = "";
			projectRoot = "";
			targets = (
				0A2AA6D316BDD1F700AE95EA /* TextCleaner */,
			);
		};
/* End PBXProject section */

/* Begin PBXResourcesBuildPhase section */
		0A2AA6D216BDD1F700AE95EA /* Resources */ = {
			isa = PBXResourcesBuildPhase;
			buildActionMask = 2147483647;
			files = (
				0A2AA6E216BDD1F700AE95EA /* InfoPlist.strings in Resources */,
				0A2AA6E816BDD1F700AE95EA /* Credits.rtf in Resources */,
				0A2AA6EE16BDD1F800AE95EA /* MainMenu.xib in Resources */,
				0A2AA6F516BDD3DD00AE95EA /* TxtConversions.plist in Resources */,
			);
			runOnlyForDeploymentPostprocessing = 0;
		};
/* End PBXResourcesBuildPhase section */

/* Begin PBXSourcesBuildPhase section */
		0A2AA6D016BDD1F700AE95EA /* Sources */ = {
			isa = PBXSourcesBuildPhase;
			buildActionMask = 2147483647;
			files = (
				0A2AA6E416BDD1F700AE95EA /* main.m in Sources */,
				0A2AA6EB16BDD1F700AE95EA /* TCAppDelegate.m in Sources */,
			);
			runOnlyForDeploymentPostprocessing = 0;
		};
/* End PBXSourcesBuildPhase section */

/* Begin PBXVariantGroup section */
		0A2AA6E016BDD1F700AE95EA /* InfoPlist.strings */ = {
			isa = PBXVariantGroup;
			children = (
				0A2AA6E116BDD1F700AE95EA /* en */,
			);
			name = InfoPlist.strings;
			sourceTree = "<group>";
		};
		0A2AA6E616BDD1F700AE95EA /* Credits.rtf */ = {
			isa = PBXVariantGroup;
			children = (
				0A2AA6E716BDD1F700AE95EA /* en */,
			);
			name = Credits.rtf;
			sourceTree = "<group>";
		};
		0A2AA6EC16BDD1F800AE95EA /* MainMenu.xib */ = {
			isa = PBXVariantGroup;
			children = (
				0A2AA6ED16BDD1F800AE95EA /* en */,
			);
			name = MainMenu.xib;
			sourceTree = "<group>";
		};
/* End PBXVariantGroup section */

/* Begin XCBuildConfiguration section */
		0A2AA6EF16BDD1F800AE95EA /* Debug */ = {
			isa = XCBuildConfiguration;
			buildSettings = {
				ALWAYS_SEARCH_USER_PATHS = NO;
				ARCHS = "$(ARCHS_STANDARD_64_BIT)";
				CLANG_CXX_LANGUAGE_STANDARD = "gnu++0x";
				CLANG_CXX_LIBRARY = "libc++";
				CLANG_ENABLE_OBJC_ARC = YES;
				CLANG_WARN_CONSTANT_CONVERSION = YES;
				CLANG_WARN_EMPTY_BODY = YES;
				CLANG_WARN_ENUM_CONVERSION = YES;
				CLANG_WARN_INT_CONVERSION = YES;
				CLANG_WARN__DUPLICATE_METHOD_MATCH = YES;
				COPY_PHASE_STRIP = NO;
				GCC_C_LANGUAGE_STANDARD = gnu99;
				GCC_DYNAMIC_NO_PIC = NO;
				GCC_ENABLE_OBJC_EXCEPTIONS = YES;
				GCC_OPTIMIZATION_LEVEL = 0;
				GCC_PREPROCESSOR_DEFINITIONS = (
					"DEBUG=1",
					"$(inherited)",
				);
				GCC_SYMBOLS_PRIVATE_EXTERN = NO;
				GCC_WARN_64_TO_32_BIT_CONVERSION = YES;
				GCC_WARN_ABOUT_RETURN_TYPE = YES;
				GCC_WARN_UNINITIALIZED_AUTOS = YES;
				GCC_WARN_UNUSED_VARIABLE = YES;
				MACOSX_DEPLOYMENT_TARGET = 10.8;
				ONLY_ACTIVE_ARCH = YES;
				SDKROOT = macosx;
			};
			name = Debug;
		};
		0A2AA6F016BDD1F800AE95EA /* Release */ = {
			isa = XCBuildConfiguration;
			buildSettings = {
				ALWAYS_SEARCH_USER_PATHS = NO;
				ARCHS = "$(ARCHS_STANDARD_64_BIT)";
				CLANG_CXX_LANGUAGE_STANDARD = "gnu++0x";
				CLANG_CXX_LIBRARY = "libc++";
				CLANG_ENABLE_OBJC_ARC = YES;
				CLANG_WARN_CONSTANT_CONVERSION = YES;
				CLANG_WARN_EMPTY_BODY = YES;
				CLANG_WARN_ENUM_CONVERSION = YES;
				CLANG_WARN_INT_CONVERSION = YES;
				CLANG_WARN__DUPLICATE_METHOD_MATCH = YES;
				COPY_PHASE_STRIP = YES;
				DEBUG_INFORMATION_FORMAT = "dwarf-with-dsym";
				GCC_C_LANGUAGE_STANDARD = gnu99;
				GCC_ENABLE_OBJC_EXCEPTIONS = YES;
				GCC_WARN_64_TO_32_BIT_CONVERSION = YES;
				GCC_WARN_ABOUT_RETURN_TYPE = YES;
				GCC_WARN_UNINITIALIZED_AUTOS = YES;
				GCC_WARN_UNUSED_VARIABLE = YES;
				MACOSX_DEPLOYMENT_TARGET = 10.8;
				SDKROOT = macosx;
			};
			name = Release;
		};
		0A2AA6F216BDD1F800AE95EA /* Debug */ = {
			isa = XCBuildConfiguration;
			buildSettings = {
				COMBINE_HIDPI_IMAGES = YES;
				GCC_PRECOMPILE_PREFIX_HEADER = YES;
				GCC_PREFIX_HEADER = "TextCleaner/TextCleaner-Prefix.pch";
				INFOPLIST_FILE = "TextCleaner/TextCleaner-Info.plist";
				PRODUCT_NAME = "$(TARGET_NAME)";
				WRAPPER_EXTENSION = app;
			};
			name = Debug;
		};
		0A2AA6F316BDD1F800AE95EA /* Release */ = {
			isa = XCBuildConfiguration;
			buildSettings = {
				COMBINE_HIDPI_IMAGES = YES;
				GCC_PRECOMPILE_PREFIX_HEADER = YES;
				GCC_PREFIX_HEADER = "TextCleaner/TextCleaner-Prefix.pch";
				INFOPLIST_FILE = "TextCleaner/TextCleaner-Info.plist";
				PRODUCT_NAME = "$(TARGET_NAME)";
				WRAPPER_EXTENSION = app;
			};
			name = Release;
		};
/* End XCBuildConfiguration section */

/* Begin XCConfigurationList section */
		0A2AA6CF16BDD1F700AE95EA /* Build configuration list for PBXProject "TextCleaner" */ = {
			isa = XCConfigurationList;
			buildConfigurations = (
				0A2AA6EF16BDD1F800AE95EA /* Debug */,
				0A2AA6F016BDD1F800AE95EA /* Release */,
			);
			defaultConfigurationIsVisible = 0;
			defaultConfigurationName = Release;
		};
		0A2AA6F116BDD1F800AE95EA /* Build configuration list for PBXNativeTarget "TextCleaner" */ = {
			isa = XCConfigurationList;
			buildConfigurations = (
				0A2AA6F216BDD1F800AE95EA /* Debug */,
				0A2AA6F316BDD1F800AE95EA /* Release */,
			);
			defaultConfigurationIsVisible = 0;
		};
/* End XCConfigurationList section */
	};
	rootObject = 0A2AA6CC16BDD1F700AE95EA /* Project object */;
}
